
Microsoft Visual Studio Solution File, Format Version 12.00
# Visual Studio Version 16
VisualStudioVersion = 16.0.29326.143
MinimumVisualStudioVersion = 10.0.40219.1
Project("{FAE04EC0-301F-11D3-BF4B-00C04F79EFBC}") = "Space Invaders", "Space Invaders\Space Invaders.csproj", "{10072B17-8D11-4AAE-B95E-C6A83E045E98}"
EndProject
Project("{2150E333-8FDC-42A3-9474-1A3956D46DE8}") = "Solution Items", "Solution Items", "{1B74CAD2-2D36-4044-A597-46864061324E}"
EndProject
Global
	GlobalSection(SolutionConfigurationPlatforms) = preSolution
		Debug|Any CPU = Debug|Any CPU
		Release|Any CPU = Release|Any CPU
	EndGlobalSection
	GlobalSection(ProjectConfigurationPlatforms) = postSolution
		{10072B17-8D11-4AAE-B95E-C6A83E045E98}.Debug|Any CPU.ActiveCfg = Debug|Any CPU
		{10072B17-8D11-4AAE-B95E-C6A83E045E98}.Debug|Any CPU.Build.0 = Debug|Any CPU
		{10072B17-8D11-4AAE-B95E-C6A83E045E98}.Release|Any CPU.ActiveCfg = Release|Any CPU
		{10072B17-8D11-4AAE-B95E-C6A83E045E98}.Release|Any CPU.Build.0 = Release|Any CPU
	EndGlobalSection
	GlobalSection(SolutionProperties) = preSolution
		HideSolutionNode = FALSE
	EndGlobalSection
	GlobalSection(ExtensibilityGlobals) = postSolution
		SolutionGuid = {A9E5CD4C-5167-4053-BE34-EBE0BDDA96C5}
	EndGlobalSection
EndGlobal
